
Microsoft Visual Studio Solution File, Format Version 12.00
# Visual Studio Version 17
VisualStudioVersion = 17.2.32602.215
MinimumVisualStudioVersion = 10.0.40219.1
Project("{FAE04EC0-301F-11D3-BF4B-00C04F79EFBC}") = "Abstract", "Abstract\Abstract.csproj", "{5BE7F4DB-01B6-4868-93CB-DD7D9C8A2424}"
EndProject
Project("{FAE04EC0-301F-11D3-BF4B-00C04F79EFBC}") = "State", "State\State.csproj", "{D04FFD02-DB0E-4B20-BE77-14D8BA739C8F}"
EndProject
Project("{FAE04EC0-301F-11D3-BF4B-00C04F79EFBC}") = "TestProject1", "TestProject1\TestProject1.csproj", "{726BD5FB-988C-49B8-8BF7-01E557F0D794}"
EndProject
Global
	GlobalSection(SolutionConfigurationPlatforms) = preSolution
		Debug|Any CPU = Debug|Any CPU
		Release|Any CPU = Release|Any CPU
	EndGlobalSection
	GlobalSection(ProjectConfigurationPlatforms) = postSolution
		{5BE7F4DB-01B6-4868-93CB-DD7D9C8A2424}.Debug|Any CPU.ActiveCfg = Debug|Any CPU
		{5BE7F4DB-01B6-4868-93CB-DD7D9C8A2424}.Debug|Any CPU.Build.0 = Debug|Any CPU
		{5BE7F4DB-01B6-4868-93CB-DD7D9C8A2424}.Release|Any CPU.ActiveCfg = Release|Any CPU
		{5BE7F4DB-01B6-4868-93CB-DD7D9C8A2424}.Release|Any CPU.Build.0 = Release|Any CPU
		{D04FFD02-DB0E-4B20-BE77-14D8BA739C8F}.Debug|Any CPU.ActiveCfg = Debug|Any CPU
		{D04FFD02-DB0E-4B20-BE77-14D8BA739C8F}.Debug|Any CPU.Build.0 = Debug|Any CPU
		{D04FFD02-DB0E-4B20-BE77-14D8BA739C8F}.Release|Any CPU.ActiveCfg = Release|Any CPU
		{D04FFD02-DB0E-4B20-BE77-14D8BA739C8F}.Release|Any CPU.Build.0 = Release|Any CPU
		{726BD5FB-988C-49B8-8BF7-01E557F0D794}.Debug|Any CPU.ActiveCfg = Debug|Any CPU
		{726BD5FB-988C-49B8-8BF7-01E557F0D794}.Debug|Any CPU.Build.0 = Debug|Any CPU
		{726BD5FB-988C-49B8-8BF7-01E557F0D794}.Release|Any CPU.ActiveCfg = Release|Any CPU
		{726BD5FB-988C-49B8-8BF7-01E557F0D794}.Release|Any CPU.Build.0 = Release|Any CPU
	EndGlobalSection
	GlobalSection(SolutionProperties) = preSolution
		HideSolutionNode = FALSE
	EndGlobalSection
	GlobalSection(ExtensibilityGlobals) = postSolution
		SolutionGuid = {9914C524-5D2A-43D6-B88E-CC8F3C969723}
	EndGlobalSection
EndGlobal
